// !$*UTF8*$!
{
	archiveVersion = 1;
	classes = {
	};
	objectVersion = 50;
	objects = {

/* Begin PBXBuildFile section */
		C5355478267D9C2000A2B4B0 /* GitathonApp.swift in Sources */ = {isa = PBXBuildFile; fileRef = C5355477267D9C2000A2B4B0 /* GitathonApp.swift */; };
		C535547A267D9C2000A2B4B0 /* ContentView.swift in Sources */ = {isa = PBXBuildFile; fileRef = C5355479267D9C2000A2B4B0 /* ContentView.swift */; };
		C535547C267D9C2400A2B4B0 /* Assets.xcassets in Resources */ = {isa = PBXBuildFile; fileRef = C535547B267D9C2400A2B4B0 /* Assets.xcassets */; };
		C535547F267D9C2400A2B4B0 /* Preview Assets.xcassets in Resources */ = {isa = PBXBuildFile; fileRef = C535547E267D9C2400A2B4B0 /* Preview Assets.xcassets */; };
		C5355487267D9D5600A2B4B0 /* Question.swift in Sources */ = {isa = PBXBuildFile; fileRef = C5355486267D9D5600A2B4B0 /* Question.swift */; };
/* End PBXBuildFile section */

/* Begin PBXFileReference section */
		C5355474267D9C2000A2B4B0 /* Gitathon.app */ = {isa = PBXFileReference; explicitFileType = wrapper.application; includeInIndex = 0; path = Gitathon.app; sourceTree = BUILT_PRODUCTS_DIR; };
		C5355477267D9C2000A2B4B0 /* GitathonApp.swift */ = {isa = PBXFileReference; lastKnownFileType = sourcecode.swift; path = GitathonApp.swift; sourceTree = "<group>"; };
		C5355479267D9C2000A2B4B0 /* ContentView.swift */ = {isa = PBXFileReference; lastKnownFileType = sourcecode.swift; path = ContentView.swift; sourceTree = "<group>"; };
		C535547B267D9C2400A2B4B0 /* Assets.xcassets */ = {isa = PBXFileReference; lastKnownFileType = folder.assetcatalog; path = Assets.xcassets; sourceTree = "<group>"; };
		C535547E267D9C2400A2B4B0 /* Preview Assets.xcassets */ = {isa = PBXFileReference; lastKnownFileType = folder.assetcatalog; path = "Preview Assets.xcassets"; sourceTree = "<group>"; };
		C5355480267D9C2400A2B4B0 /* Info.plist */ = {isa = PBXFileReference; lastKnownFileType = text.plist.xml; path = Info.plist; sourceTree = "<group>"; };
		C5355486267D9D5600A2B4B0 /* Question.swift */ = {isa = PBXFileReference; lastKnownFileType = sourcecode.swift; path = Question.swift; sourceTree = "<group>"; };
/* End PBXFileReference section */

/* Begin PBXFrameworksBuildPhase section */
		C5355471267D9C2000A2B4B0 /* Frameworks */ = {
			isa = PBXFrameworksBuildPhase;
			buildActionMask = 2147483647;
			files = (
			);
			runOnlyForDeploymentPostprocessing = 0;
		};
/* End PBXFrameworksBuildPhase section */

/* Begin PBXGroup section */
		C535546B267D9C2000A2B4B0 = {
			isa = PBXGroup;
			children = (
				C5355476267D9C2000A2B4B0 /* Gitathon */,
				C5355475267D9C2000A2B4B0 /* Products */,
			);
			sourceTree = "<group>";
		};
		C5355475267D9C2000A2B4B0 /* Products */ = {
			isa = PBXGroup;
			children = (
				C5355474267D9C2000A2B4B0 /* Gitathon.app */,
			);
			name = Products;
			sourceTree = "<group>";
		};
		C5355476267D9C2000A2B4B0 /* Gitathon */ = {
			isa = PBXGroup;
			children = (
				C5355477267D9C2000A2B4B0 /* GitathonApp.swift */,
				C5355479267D9C2000A2B4B0 /* ContentView.swift */,
				C5355486267D9D5600A2B4B0 /* Question.swift */,
				C535547B267D9C2400A2B4B0 /* Assets.xcassets */,
				C5355480267D9C2400A2B4B0 /* Info.plist */,
				C535547D267D9C2400A2B4B0 /* Preview Content */,
			);
			path = Gitathon;
			sourceTree = "<group>";
		};
		C535547D267D9C2400A2B4B0 /* Preview Content */ = {
			isa = PBXGroup;
			children = (
				C535547E267D9C2400A2B4B0 /* Preview Assets.xcassets */,
			);
			path = "Preview Content";
			sourceTree = "<group>";
		};
/* End PBXGroup section */

/* Begin PBXNativeTarget section */
		C5355473267D9C2000A2B4B0 /* Gitathon */ = {
			isa = PBXNativeTarget;
			buildConfigurationList = C5355483267D9C2400A2B4B0 /* Build configuration list for PBXNativeTarget "Gitathon" */;
			buildPhases = (
				C5355470267D9C2000A2B4B0 /* Sources */,
				C5355471267D9C2000A2B4B0 /* Frameworks */,
				C5355472267D9C2000A2B4B0 /* Resources */,
			);
			buildRules = (
			);
			dependencies = (
			);
			name = Gitathon;
			productName = Gitathon;
			productReference = C5355474267D9C2000A2B4B0 /* Gitathon.app */;
			productType = "com.apple.product-type.application";
		};
/* End PBXNativeTarget section */

/* Begin PBXProject section */
		C535546C267D9C2000A2B4B0 /* Project object */ = {
			isa = PBXProject;
			attributes = {
				LastSwiftUpdateCheck = 1250;
				LastUpgradeCheck = 1250;
				TargetAttributes = {
					C5355473267D9C2000A2B4B0 = {
						CreatedOnToolsVersion = 12.5;
					};
				};
			};
			buildConfigurationList = C535546F267D9C2000A2B4B0 /* Build configuration list for PBXProject "Gitathon" */;
			compatibilityVersion = "Xcode 9.3";
			developmentRegion = en;
			hasScannedForEncodings = 0;
			knownRegions = (
				en,
				Base,
			);
			mainGroup = C535546B267D9C2000A2B4B0;
			productRefGroup = C5355475267D9C2000A2B4B0 /* Products */;
			projectDirPath = "";
			projectRoot = "";
			targets = (
				C5355473267D9C2000A2B4B0 /* Gitathon */,
			);
		};
/* End PBXProject section */

/* Begin PBXResourcesBuildPhase section */
		C5355472267D9C2000A2B4B0 /* Resources */ = {
			isa = PBXResourcesBuildPhase;
			buildActionMask = 2147483647;
			files = (
				C535547F267D9C2400A2B4B0 /* Preview Assets.xcassets in Resources */,
				C535547C267D9C2400A2B4B0 /* Assets.xcassets in Resources */,
			);
			runOnlyForDeploymentPostprocessing = 0;
		};
/* End PBXResourcesBuildPhase section */

/* Begin PBXSourcesBuildPhase section */
		C5355470267D9C2000A2B4B0 /* Sources */ = {
			isa = PBXSourcesBuildPhase;
			buildActionMask = 2147483647;
			files = (
				C5355487267D9D5600A2B4B0 /* Question.swift in Sources */,
				C535547A267D9C2000A2B4B0 /* ContentView.swift in Sources */,
				C5355478267D9C2000A2B4B0 /* GitathonApp.swift in Sources */,
			);
			runOnlyForDeploymentPostprocessing = 0;
		};
/* End PBXSourcesBuildPhase section */

/* Begin XCBuildConfiguration section */
		C5355481267D9C2400A2B4B0 /* Debug */ = {
			isa = XCBuildConfiguration;
			buildSettings = {
				ALWAYS_SEARCH_USER_PATHS = NO;
				CLANG_ANALYZER_NONNULL = YES;
				CLANG_ANALYZER_NUMBER_OBJECT_CONVERSION = YES_AGGRESSIVE;
				CLANG_CXX_LANGUAGE_STANDARD = "gnu++14";
				CLANG_CXX_LIBRARY = "libc++";
				CLANG_ENABLE_MODULES = YES;
				CLANG_ENABLE_OBJC_ARC = YES;
				CLANG_ENABLE_OBJC_WEAK = YES;
				CLANG_WARN_BLOCK_CAPTURE_AUTORELEASING = YES;
				CLANG_WARN_BOOL_CONVERSION = YES;
				CLANG_WARN_COMMA = YES;
				CLANG_WARN_CONSTANT_CONVERSION = YES;
				CLANG_WARN_DEPRECATED_OBJC_IMPLEMENTATIONS = YES;
				CLANG_WARN_DIRECT_OBJC_ISA_USAGE = YES_ERROR;
				CLANG_WARN_DOCUMENTATION_COMMENTS = YES;
				CLANG_WARN_EMPTY_BODY = YES;
				CLANG_WARN_ENUM_CONVERSION = YES;
				CLANG_WARN_INFINITE_RECURSION = YES;
				CLANG_WARN_INT_CONVERSION = YES;
				CLANG_WARN_NON_LITERAL_NULL_CONVERSION = YES;
				CLANG_WARN_OBJC_IMPLICIT_RETAIN_SELF = YES;
				CLANG_WARN_OBJC_LITERAL_CONVERSION = YES;
				CLANG_WARN_OBJC_ROOT_CLASS = YES_ERROR;
				CLANG_WARN_QUOTED_INCLUDE_IN_FRAMEWORK_HEADER = YES;
				CLANG_WARN_RANGE_LOOP_ANALYSIS = YES;
				CLANG_WARN_STRICT_PROTOTYPES = YES;
				CLANG_WARN_SUSPICIOUS_MOVE = YES;
				CLANG_WARN_UNGUARDED_AVAILABILITY = YES_AGGRESSIVE;
				CLANG_WARN_UNREACHABLE_CODE = YES;
				CLANG_WARN__DUPLICATE_METHOD_MATCH = YES;
				COPY_PHASE_STRIP = NO;
				DEBUG_INFORMATION_FORMAT = dwarf;
				ENABLE_STRICT_OBJC_MSGSEND = YES;
				ENABLE_TESTABILITY = YES;
				GCC_C_LANGUAGE_STANDARD = gnu11;
				GCC_DYNAMIC_NO_PIC = NO;
				GCC_NO_COMMON_BLOCKS = YES;
				GCC_OPTIMIZATION_LEVEL = 0;
				GCC_PREPROCESSOR_DEFINITIONS = (
					"DEBUG=1",
					"$(inherited)",
				);
				GCC_WARN_64_TO_32_BIT_CONVERSION = YES;
				GCC_WARN_ABOUT_RETURN_TYPE = YES_ERROR;
				GCC_WARN_UNDECLARED_SELECTOR = YES;
				GCC_WARN_UNINITIALIZED_AUTOS = YES_AGGRESSIVE;
				GCC_WARN_UNUSED_FUNCTION = YES;
				GCC_WARN_UNUSED_VARIABLE = YES;
				IPHONEOS_DEPLOYMENT_TARGET = 14.5;
				MTL_ENABLE_DEBUG_INFO = INCLUDE_SOURCE;
				MTL_FAST_MATH = YES;
				ONLY_ACTIVE_ARCH = YES;
				SDKROOT = iphoneos;
				SWIFT_ACTIVE_COMPILATION_CONDITIONS = DEBUG;
				SWIFT_OPTIMIZATION_LEVEL = "-Onone";
			};
			name = Debug;
		};
		C5355482267D9C2400A2B4B0 /* Release */ = {
			isa = XCBuildConfiguration;
			buildSettings = {
				ALWAYS_SEARCH_USER_PATHS = NO;
				CLANG_ANALYZER_NONNULL = YES;
				CLANG_ANALYZER_NUMBER_OBJECT_CONVERSION = YES_AGGRESSIVE;
				CLANG_CXX_LANGUAGE_STANDARD = "gnu++14";
				CLANG_CXX_LIBRARY = "libc++";
				CLANG_ENABLE_MODULES = YES;
				CLANG_ENABLE_OBJC_ARC = YES;
				CLANG_ENABLE_OBJC_WEAK = YES;
				CLANG_WARN_BLOCK_CAPTURE_AUTORELEASING = YES;
				CLANG_WARN_BOOL_CONVERSION = YES;
				CLANG_WARN_COMMA = YES;
				CLANG_WARN_CONSTANT_CONVERSION = YES;
				CLANG_WARN_DEPRECATED_OBJC_IMPLEMENTATIONS = YES;
				CLANG_WARN_DIRECT_OBJC_ISA_USAGE = YES_ERROR;
				CLANG_WARN_DOCUMENTATION_COMMENTS = YES;
				CLANG_WARN_EMPTY_BODY = YES;
				CLANG_WARN_ENUM_CONVERSION = YES;
				CLANG_WARN_INFINITE_RECURSION = YES;
				CLANG_WARN_INT_CONVERSION = YES;
				CLANG_WARN_NON_LITERAL_NULL_CONVERSION = YES;
				CLANG_WARN_OBJC_IMPLICIT_RETAIN_SELF = YES;
				CLANG_WARN_OBJC_LITERAL_CONVERSION = YES;
				CLANG_WARN_OBJC_ROOT_CLASS = YES_ERROR;
				CLANG_WARN_QUOTED_INCLUDE_IN_FRAMEWORK_HEADER = YES;
				CLANG_WARN_RANGE_LOOP_ANALYSIS = YES;
				CLANG_WARN_STRICT_PROTOTYPES = YES;
				CLANG_WARN_SUSPICIOUS_MOVE = YES;
				CLANG_WARN_UNGUARDED_AVAILABILITY = YES_AGGRESSIVE;
				CLANG_WARN_UNREACHABLE_CODE = YES;
				CLANG_WARN__DUPLICATE_METHOD_MATCH = YES;
				COPY_PHASE_STRIP = NO;
				DEBUG_INFORMATION_FORMAT = "dwarf-with-dsym";
				ENABLE_NS_ASSERTIONS = NO;
				ENABLE_STRICT_OBJC_MSGSEND = YES;
				GCC_C_LANGUAGE_STANDARD = gnu11;
				GCC_NO_COMMON_BLOCKS = YES;
				GCC_WARN_64_TO_32_BIT_CONVERSION = YES;
				GCC_WARN_ABOUT_RETURN_TYPE = YES_ERROR;
				GCC_WARN_UNDECLARED_SELECTOR = YES;
				GCC_WARN_UNINITIALIZED_AUTOS = YES_AGGRESSIVE;
				GCC_WARN_UNUSED_FUNCTION = YES;
				GCC_WARN_UNUSED_VARIABLE = YES;
				IPHONEOS_DEPLOYMENT_TARGET = 14.5;
				MTL_ENABLE_DEBUG_INFO = NO;
				MTL_FAST_MATH = YES;
				SDKROOT = iphoneos;
				SWIFT_COMPILATION_MODE = wholemodule;
				SWIFT_OPTIMIZATION_LEVEL = "-O";
				VALIDATE_PRODUCT = YES;
			};
			name = Release;
		};
		C5355484267D9C2400A2B4B0 /* Debug */ = {
			isa = XCBuildConfiguration;
			buildSettings = {
				ASSETCATALOG_COMPILER_APPICON_NAME = AppIcon;
				ASSETCATALOG_COMPILER_GLOBAL_ACCENT_COLOR_NAME = AccentColor;
				CODE_SIGN_STYLE = Automatic;
				DEVELOPMENT_ASSET_PATHS = "\"Gitathon/Preview Content\"";
				DEVELOPMENT_TEAM = 5CV78Q3ZPZ;
				ENABLE_PREVIEWS = YES;
				INFOPLIST_FILE = Gitathon/Info.plist;
				IPHONEOS_DEPLOYMENT_TARGET = 14.0;
				LD_RUNPATH_SEARCH_PATHS = (
					"$(inherited)",
					"@executable_path/Frameworks",
				);
				PRODUCT_BUNDLE_IDENTIFIER = sanjith.Gitathon;
				PRODUCT_NAME = "$(TARGET_NAME)";
				SWIFT_VERSION = 5.0;
				TARGETED_DEVICE_FAMILY = "1,2";
			};
			name = Debug;
		};
		C5355485267D9C2400A2B4B0 /* Release */ = {
			isa = XCBuildConfiguration;
			buildSettings = {
				ASSETCATALOG_COMPILER_APPICON_NAME = AppIcon;
				ASSETCATALOG_COMPILER_GLOBAL_ACCENT_COLOR_NAME = AccentColor;
				CODE_SIGN_STYLE = Automatic;
				DEVELOPMENT_ASSET_PATHS = "\"Gitathon/Preview Content\"";
				DEVELOPMENT_TEAM = 5CV78Q3ZPZ;
				ENABLE_PREVIEWS = YES;
				INFOPLIST_FILE = Gitathon/Info.plist;
				IPHONEOS_DEPLOYMENT_TARGET = 14.0;
				LD_RUNPATH_SEARCH_PATHS = (
					"$(inherited)",
					"@executable_path/Frameworks",
				);
				PRODUCT_BUNDLE_IDENTIFIER = sanjith.Gitathon;
				PRODUCT_NAME = "$(TARGET_NAME)";
				SWIFT_VERSION = 5.0;
				TARGETED_DEVICE_FAMILY = "1,2";
			};
			name = Release;
		};
/* End XCBuildConfiguration section */

/* Begin XCConfigurationList section */
		C535546F267D9C2000A2B4B0 /* Build configuration list for PBXProject "Gitathon" */ = {
			isa = XCConfigurationList;
			buildConfigurations = (
				C5355481267D9C2400A2B4B0 /* Debug */,
				C5355482267D9C2400A2B4B0 /* Release */,
			);
			defaultConfigurationIsVisible = 0;
			defaultConfigurationName = Release;
		};
		C5355483267D9C2400A2B4B0 /* Build configuration list for PBXNativeTarget "Gitathon" */ = {
			isa = XCConfigurationList;
			buildConfigurations = (
				C5355484267D9C2400A2B4B0 /* Debug */,
				C5355485267D9C2400A2B4B0 /* Release */,
			);
			defaultConfigurationIsVisible = 0;
			defaultConfigurationName = Release;
		};
/* End XCConfigurationList section */
	};
	rootObject = C535546C267D9C2000A2B4B0 /* Project object */;
}
